
Microsoft Visual Studio Solution File, Format Version 12.00
# Visual Studio 15
VisualStudioVersion = 15.0.28307.168
MinimumVisualStudioVersion = 10.0.40219.1
Project("{FAE04EC0-301F-11D3-BF4B-00C04F79EFBC}") = "assignment.03", "assignment.03\assignment.03.csproj", "{0AC6D022-5EF6-47DE-87E3-331EC2C73B04}"
EndProject
Global
	GlobalSection(SolutionConfigurationPlatforms) = preSolution
		Debug|Any CPU = Debug|Any CPU
		Release|Any CPU = Release|Any CPU
	EndGlobalSection
	GlobalSection(ProjectConfigurationPlatforms) = postSolution
		{0AC6D022-5EF6-47DE-87E3-331EC2C73B04}.Debug|Any CPU.ActiveCfg = Debug|Any CPU
		{0AC6D022-5EF6-47DE-87E3-331EC2C73B04}.Debug|Any CPU.Build.0 = Debug|Any CPU
		{0AC6D022-5EF6-47DE-87E3-331EC2C73B04}.Release|Any CPU.ActiveCfg = Release|Any CPU
		{0AC6D022-5EF6-47DE-87E3-331EC2C73B04}.Release|Any CPU.Build.0 = Release|Any CPU
	EndGlobalSection
	GlobalSection(SolutionProperties) = preSolution
		HideSolutionNode = FALSE
	EndGlobalSection
	GlobalSection(ExtensibilityGlobals) = postSolution
		SolutionGuid = {284F91B7-331F-48B6-8003-EFCE0D22E2FD}
	EndGlobalSection
EndGlobal
